
Microsoft Visual Studio Solution File, Format Version 12.00
# Visual Studio Version 17
VisualStudioVersion = 17.9.34902.65
MinimumVisualStudioVersion = 10.0.40219.1
Project("{9A19103F-16F7-4668-BE54-9A1E7A4F7556}") = "WpfApp", "WpfApp\WpfApp.csproj", "{1824A0A3-6DE8-4D88-8478-CDE8AEFD6493}"
EndProject
Project("{9A19103F-16F7-4668-BE54-9A1E7A4F7556}") = "WpfUtilities", "WpfUtilities\WpfUtilities.csproj", "{A07C7437-2FE1-49F3-A8A8-5337BF41FA38}"
EndProject
Project("{9A19103F-16F7-4668-BE54-9A1E7A4F7556}") = "CoreModels", "CoreModels\CoreModels.csproj", "{8E1FEC5A-E0E7-4D51-B372-CB3A0EB52DAE}"
EndProject
Project("{9A19103F-16F7-4668-BE54-9A1E7A4F7556}") = "BloodVesselExtraction", "BloodVesselExtraction\BloodVesselExtraction.csproj", "{F5EE1D38-E8E6-4D21-946F-7D1123AF8400}"
EndProject
Project("{9A19103F-16F7-4668-BE54-9A1E7A4F7556}") = "MainUseCases", "MainUseCases\MainUseCases.csproj", "{B0452330-D55D-410B-A114-05BDA5CB5164}"
EndProject
Global
	GlobalSection(SolutionConfigurationPlatforms) = preSolution
		Debug|Any CPU = Debug|Any CPU
		Debug|ARM64 = Debug|ARM64
		Debug|x64 = Debug|x64
		Debug|x86 = Debug|x86
		Release|Any CPU = Release|Any CPU
		Release|ARM64 = Release|ARM64
		Release|x64 = Release|x64
		Release|x86 = Release|x86
	EndGlobalSection
	GlobalSection(ProjectConfigurationPlatforms) = postSolution
		{1824A0A3-6DE8-4D88-8478-CDE8AEFD6493}.Debug|Any CPU.ActiveCfg = Debug|Any CPU
		{1824A0A3-6DE8-4D88-8478-CDE8AEFD6493}.Debug|Any CPU.Build.0 = Debug|Any CPU
		{1824A0A3-6DE8-4D88-8478-CDE8AEFD6493}.Debug|ARM64.ActiveCfg = Debug|Any CPU
		{1824A0A3-6DE8-4D88-8478-CDE8AEFD6493}.Debug|ARM64.Build.0 = Debug|Any CPU
		{1824A0A3-6DE8-4D88-8478-CDE8AEFD6493}.Debug|x64.ActiveCfg = Debug|Any CPU
		{1824A0A3-6DE8-4D88-8478-CDE8AEFD6493}.Debug|x64.Build.0 = Debug|Any CPU
		{1824A0A3-6DE8-4D88-8478-CDE8AEFD6493}.Debug|x86.ActiveCfg = Debug|Any CPU
		{1824A0A3-6DE8-4D88-8478-CDE8AEFD6493}.Debug|x86.Build.0 = Debug|Any CPU
		{1824A0A3-6DE8-4D88-8478-CDE8AEFD6493}.Release|Any CPU.ActiveCfg = Release|Any CPU
		{1824A0A3-6DE8-4D88-8478-CDE8AEFD6493}.Release|Any CPU.Build.0 = Release|Any CPU
		{1824A0A3-6DE8-4D88-8478-CDE8AEFD6493}.Release|ARM64.ActiveCfg = Release|Any CPU
		{1824A0A3-6DE8-4D88-8478-CDE8AEFD6493}.Release|ARM64.Build.0 = Release|Any CPU
		{1824A0A3-6DE8-4D88-8478-CDE8AEFD6493}.Release|x64.ActiveCfg = Release|Any CPU
		{1824A0A3-6DE8-4D88-8478-CDE8AEFD6493}.Release|x64.Build.0 = Release|Any CPU
		{1824A0A3-6DE8-4D88-8478-CDE8AEFD6493}.Release|x86.ActiveCfg = Release|Any CPU
		{1824A0A3-6DE8-4D88-8478-CDE8AEFD6493}.Release|x86.Build.0 = Release|Any CPU
		{A07C7437-2FE1-49F3-A8A8-5337BF41FA38}.Debug|Any CPU.ActiveCfg = Debug|Any CPU
		{A07C7437-2FE1-49F3-A8A8-5337BF41FA38}.Debug|Any CPU.Build.0 = Debug|Any CPU
		{A07C7437-2FE1-49F3-A8A8-5337BF41FA38}.Debug|ARM64.ActiveCfg = Debug|Any CPU
		{A07C7437-2FE1-49F3-A8A8-5337BF41FA38}.Debug|ARM64.Build.0 = Debug|Any CPU
		{A07C7437-2FE1-49F3-A8A8-5337BF41FA38}.Debug|x64.ActiveCfg = Debug|Any CPU
		{A07C7437-2FE1-49F3-A8A8-5337BF41FA38}.Debug|x64.Build.0 = Debug|Any CPU
		{A07C7437-2FE1-49F3-A8A8-5337BF41FA38}.Debug|x86.ActiveCfg = Debug|Any CPU
		{A07C7437-2FE1-49F3-A8A8-5337BF41FA38}.Debug|x86.Build.0 = Debug|Any CPU
		{A07C7437-2FE1-49F3-A8A8-5337BF41FA38}.Release|Any CPU.ActiveCfg = Release|Any CPU
		{A07C7437-2FE1-49F3-A8A8-5337BF41FA38}.Release|Any CPU.Build.0 = Release|Any CPU
		{A07C7437-2FE1-49F3-A8A8-5337BF41FA38}.Release|ARM64.ActiveCfg = Release|Any CPU
		{A07C7437-2FE1-49F3-A8A8-5337BF41FA38}.Release|ARM64.Build.0 = Release|Any CPU
		{A07C7437-2FE1-49F3-A8A8-5337BF41FA38}.Release|x64.ActiveCfg = Release|Any CPU
		{A07C7437-2FE1-49F3-A8A8-5337BF41FA38}.Release|x64.Build.0 = Release|Any CPU
		{A07C7437-2FE1-49F3-A8A8-5337BF41FA38}.Release|x86.ActiveCfg = Release|Any CPU
		{A07C7437-2FE1-49F3-A8A8-5337BF41FA38}.Release|x86.Build.0 = Release|Any CPU
		{8E1FEC5A-E0E7-4D51-B372-CB3A0EB52DAE}.Debug|Any CPU.ActiveCfg = Debug|Any CPU
		{8E1FEC5A-E0E7-4D51-B372-CB3A0EB52DAE}.Debug|Any CPU.Build.0 = Debug|Any CPU
		{8E1FEC5A-E0E7-4D51-B372-CB3A0EB52DAE}.Debug|ARM64.ActiveCfg = Debug|Any CPU
		{8E1FEC5A-E0E7-4D51-B372-CB3A0EB52DAE}.Debug|ARM64.Build.0 = Debug|Any CPU
		{8E1FEC5A-E0E7-4D51-B372-CB3A0EB52DAE}.Debug|x64.ActiveCfg = Debug|Any CPU
		{8E1FEC5A-E0E7-4D51-B372-CB3A0EB52DAE}.Debug|x64.Build.0 = Debug|Any CPU
		{8E1FEC5A-E0E7-4D51-B372-CB3A0EB52DAE}.Debug|x86.ActiveCfg = Debug|Any CPU
		{8E1FEC5A-E0E7-4D51-B372-CB3A0EB52DAE}.Debug|x86.Build.0 = Debug|Any CPU
		{8E1FEC5A-E0E7-4D51-B372-CB3A0EB52DAE}.Release|Any CPU.ActiveCfg = Release|Any CPU
		{8E1FEC5A-E0E7-4D51-B372-CB3A0EB52DAE}.Release|Any CPU.Build.0 = Release|Any CPU
		{8E1FEC5A-E0E7-4D51-B372-CB3A0EB52DAE}.Release|ARM64.ActiveCfg = Release|Any CPU
		{8E1FEC5A-E0E7-4D51-B372-CB3A0EB52DAE}.Release|ARM64.Build.0 = Release|Any CPU
		{8E1FEC5A-E0E7-4D51-B372-CB3A0EB52DAE}.Release|x64.ActiveCfg = Release|Any CPU
		{8E1FEC5A-E0E7-4D51-B372-CB3A0EB52DAE}.Release|x64.Build.0 = Release|Any CPU
		{8E1FEC5A-E0E7-4D51-B372-CB3A0EB52DAE}.Release|x86.ActiveCfg = Release|Any CPU
		{8E1FEC5A-E0E7-4D51-B372-CB3A0EB52DAE}.Release|x86.Build.0 = Release|Any CPU
		{F5EE1D38-E8E6-4D21-946F-7D1123AF8400}.Debug|Any CPU.ActiveCfg = Debug|Any CPU
		{F5EE1D38-E8E6-4D21-946F-7D1123AF8400}.Debug|Any CPU.Build.0 = Debug|Any CPU
		{F5EE1D38-E8E6-4D21-946F-7D1123AF8400}.Debug|ARM64.ActiveCfg = Debug|Any CPU
		{F5EE1D38-E8E6-4D21-946F-7D1123AF8400}.Debug|ARM64.Build.0 = Debug|Any CPU
		{F5EE1D38-E8E6-4D21-946F-7D1123AF8400}.Debug|x64.ActiveCfg = Debug|Any CPU
		{F5EE1D38-E8E6-4D21-946F-7D1123AF8400}.Debug|x64.Build.0 = Debug|Any CPU
		{F5EE1D38-E8E6-4D21-946F-7D1123AF8400}.Debug|x86.ActiveCfg = Debug|Any CPU
		{F5EE1D38-E8E6-4D21-946F-7D1123AF8400}.Debug|x86.Build.0 = Debug|Any CPU
		{F5EE1D38-E8E6-4D21-946F-7D1123AF8400}.Release|Any CPU.ActiveCfg = Release|Any CPU
		{F5EE1D38-E8E6-4D21-946F-7D1123AF8400}.Release|Any CPU.Build.0 = Release|Any CPU
		{F5EE1D38-E8E6-4D21-946F-7D1123AF8400}.Release|ARM64.ActiveCfg = Release|Any CPU
		{F5EE1D38-E8E6-4D21-946F-7D1123AF8400}.Release|ARM64.Build.0 = Release|Any CPU
		{F5EE1D38-E8E6-4D21-946F-7D1123AF8400}.Release|x64.ActiveCfg = Release|Any CPU
		{F5EE1D38-E8E6-4D21-946F-7D1123AF8400}.Release|x64.Build.0 = Release|Any CPU
		{F5EE1D38-E8E6-4D21-946F-7D1123AF8400}.Release|x86.ActiveCfg = Release|Any CPU
		{F5EE1D38-E8E6-4D21-946F-7D1123AF8400}.Release|x86.Build.0 = Release|Any CPU
		{B0452330-D55D-410B-A114-05BDA5CB5164}.Debug|Any CPU.ActiveCfg = Debug|Any CPU
		{B0452330-D55D-410B-A114-05BDA5CB5164}.Debug|Any CPU.Build.0 = Debug|Any CPU
		{B0452330-D55D-410B-A114-05BDA5CB5164}.Debug|ARM64.ActiveCfg = Debug|Any CPU
		{B0452330-D55D-410B-A114-05BDA5CB5164}.Debug|ARM64.Build.0 = Debug|Any CPU
		{B0452330-D55D-410B-A114-05BDA5CB5164}.Debug|x64.ActiveCfg = Debug|Any CPU
		{B0452330-D55D-410B-A114-05BDA5CB5164}.Debug|x64.Build.0 = Debug|Any CPU
		{B0452330-D55D-410B-A114-05BDA5CB5164}.Debug|x86.ActiveCfg = Debug|Any CPU
		{B0452330-D55D-410B-A114-05BDA5CB5164}.Debug|x86.Build.0 = Debug|Any CPU
		{B0452330-D55D-410B-A114-05BDA5CB5164}.Release|Any CPU.ActiveCfg = Release|Any CPU
		{B0452330-D55D-410B-A114-05BDA5CB5164}.Release|Any CPU.Build.0 = Release|Any CPU
		{B0452330-D55D-410B-A114-05BDA5CB5164}.Release|ARM64.ActiveCfg = Release|Any CPU
		{B0452330-D55D-410B-A114-05BDA5CB5164}.Release|ARM64.Build.0 = Release|Any CPU
		{B0452330-D55D-410B-A114-05BDA5CB5164}.Release|x64.ActiveCfg = Release|Any CPU
		{B0452330-D55D-410B-A114-05BDA5CB5164}.Release|x64.Build.0 = Release|Any CPU
		{B0452330-D55D-410B-A114-05BDA5CB5164}.Release|x86.ActiveCfg = Release|Any CPU
		{B0452330-D55D-410B-A114-05BDA5CB5164}.Release|x86.Build.0 = Release|Any CPU
	EndGlobalSection
	GlobalSection(SolutionProperties) = preSolution
		HideSolutionNode = FALSE
	EndGlobalSection
	GlobalSection(ExtensibilityGlobals) = postSolution
		SolutionGuid = {E9B3995E-BACE-406F-AF07-54EE0EC2B6C1}
	EndGlobalSection
EndGlobal
